// !$*UTF8*$!
{
	archiveVersion = 1;
	classes = {
	};
	objectVersion = 50;
	objects = {

/* Begin PBXBuildFile section */
		7F3FAA04279FA5B60055E7FF /* xbCategories.h in Headers */ = {isa = PBXBuildFile; fileRef = 7F3FAA02279FA5B60055E7FF /* xbCategories.h */; settings = {ATTRIBUTES = (Public, ); }; };
		7F3FAA18279FA5DF0055E7FF /* UIImage+xbExtension.swift in Sources */ = {isa = PBXBuildFile; fileRef = 7F3FAA0C279FA5DF0055E7FF /* UIImage+xbExtension.swift */; };
		7F3FAA19279FA5DF0055E7FF /* UIBarButtonItem+xbExtension.swift in Sources */ = {isa = PBXBuildFile; fileRef = 7F3FAA0D279FA5DF0055E7FF /* UIBarButtonItem+xbExtension.swift */; };
		7F3FAA1A279FA5DF0055E7FF /* UIImageView+xbExtension.swift in Sources */ = {isa = PBXBuildFile; fileRef = 7F3FAA0E279FA5DF0055E7FF /* UIImageView+xbExtension.swift */; };
		7F3FAA1B279FA5DF0055E7FF /* UIView+xbExtension.swift in Sources */ = {isa = PBXBuildFile; fileRef = 7F3FAA0F279FA5DF0055E7FF /* UIView+xbExtension.swift */; };
		7F3FAA1C279FA5DF0055E7FF /* UIView+xbDrag.swift in Sources */ = {isa = PBXBuildFile; fileRef = 7F3FAA10279FA5DF0055E7FF /* UIView+xbDrag.swift */; };
		7F3FAA1D279FA5DF0055E7FF /* UIColor+xbExtension.swift in Sources */ = {isa = PBXBuildFile; fileRef = 7F3FAA11279FA5DF0055E7FF /* UIColor+xbExtension.swift */; };
		7F3FAA1E279FA5DF0055E7FF /* UIViewController+xbExtension.swift in Sources */ = {isa = PBXBuildFile; fileRef = 7F3FAA12279FA5DF0055E7FF /* UIViewController+xbExtension.swift */; };
		7F3FAA1F279FA5DF0055E7FF /* UIButton+xbExtension.swift in Sources */ = {isa = PBXBuildFile; fileRef = 7F3FAA13279FA5DF0055E7FF /* UIButton+xbExtension.swift */; };
		7F3FAA20279FA5DF0055E7FF /* NSObject+xbExtension.swift in Sources */ = {isa = PBXBuildFile; fileRef = 7F3FAA15279FA5DF0055E7FF /* NSObject+xbExtension.swift */; };
		7F3FAA21279FA5DF0055E7FF /* Date+xbExtension.swift in Sources */ = {isa = PBXBuildFile; fileRef = 7F3FAA16279FA5DF0055E7FF /* Date+xbExtension.swift */; };
		7F3FAA22279FA5DF0055E7FF /* String+xbExtension.swift in Sources */ = {isa = PBXBuildFile; fileRef = 7F3FAA17279FA5DF0055E7FF /* String+xbExtension.swift */; };
/* End PBXBuildFile section */

/* Begin PBXFileReference section */
		7F3FA9FF279FA5B60055E7FF /* xbCategories.framework */ = {isa = PBXFileReference; explicitFileType = wrapper.framework; includeInIndex = 0; path = xbCategories.framework; sourceTree = BUILT_PRODUCTS_DIR; };
		7F3FAA02279FA5B60055E7FF /* xbCategories.h */ = {isa = PBXFileReference; lastKnownFileType = sourcecode.c.h; path = xbCategories.h; sourceTree = "<group>"; };
		7F3FAA03279FA5B60055E7FF /* Info.plist */ = {isa = PBXFileReference; lastKnownFileType = text.plist.xml; path = Info.plist; sourceTree = "<group>"; };
		7F3FAA0C279FA5DF0055E7FF /* UIImage+xbExtension.swift */ = {isa = PBXFileReference; fileEncoding = 4; lastKnownFileType = sourcecode.swift; path = "UIImage+xbExtension.swift"; sourceTree = "<group>"; };
		7F3FAA0D279FA5DF0055E7FF /* UIBarButtonItem+xbExtension.swift */ = {isa = PBXFileReference; fileEncoding = 4; lastKnownFileType = sourcecode.swift; path = "UIBarButtonItem+xbExtension.swift"; sourceTree = "<group>"; };
		7F3FAA0E279FA5DF0055E7FF /* UIImageView+xbExtension.swift */ = {isa = PBXFileReference; fileEncoding = 4; lastKnownFileType = sourcecode.swift; path = "UIImageView+xbExtension.swift"; sourceTree = "<group>"; };
		7F3FAA0F279FA5DF0055E7FF /* UIView+xbExtension.swift */ = {isa = PBXFileReference; fileEncoding = 4; lastKnownFileType = sourcecode.swift; path = "UIView+xbExtension.swift"; sourceTree = "<group>"; };
		7F3FAA10279FA5DF0055E7FF /* UIView+xbDrag.swift */ = {isa = PBXFileReference; fileEncoding = 4; lastKnownFileType = sourcecode.swift; path = "UIView+xbDrag.swift"; sourceTree = "<group>"; };
		7F3FAA11279FA5DF0055E7FF /* UIColor+xbExtension.swift */ = {isa = PBXFileReference; fileEncoding = 4; lastKnownFileType = sourcecode.swift; path = "UIColor+xbExtension.swift"; sourceTree = "<group>"; };
		7F3FAA12279FA5DF0055E7FF /* UIViewController+xbExtension.swift */ = {isa = PBXFileReference; fileEncoding = 4; lastKnownFileType = sourcecode.swift; path = "UIViewController+xbExtension.swift"; sourceTree = "<group>"; };
		7F3FAA13279FA5DF0055E7FF /* UIButton+xbExtension.swift */ = {isa = PBXFileReference; fileEncoding = 4; lastKnownFileType = sourcecode.swift; path = "UIButton+xbExtension.swift"; sourceTree = "<group>"; };
		7F3FAA15279FA5DF0055E7FF /* NSObject+xbExtension.swift */ = {isa = PBXFileReference; fileEncoding = 4; lastKnownFileType = sourcecode.swift; path = "NSObject+xbExtension.swift"; sourceTree = "<group>"; };
		7F3FAA16279FA5DF0055E7FF /* Date+xbExtension.swift */ = {isa = PBXFileReference; fileEncoding = 4; lastKnownFileType = sourcecode.swift; path = "Date+xbExtension.swift"; sourceTree = "<group>"; };
		7F3FAA17279FA5DF0055E7FF /* String+xbExtension.swift */ = {isa = PBXFileReference; fileEncoding = 4; lastKnownFileType = sourcecode.swift; path = "String+xbExtension.swift"; sourceTree = "<group>"; };
/* End PBXFileReference section */

/* Begin PBXFrameworksBuildPhase section */
		7F3FA9FC279FA5B60055E7FF /* Frameworks */ = {
			isa = PBXFrameworksBuildPhase;
			buildActionMask = 2147483647;
			files = (
			);
			runOnlyForDeploymentPostprocessing = 0;
		};
/* End PBXFrameworksBuildPhase section */

/* Begin PBXGroup section */
		7F3FA9F5279FA5B60055E7FF = {
			isa = PBXGroup;
			children = (
				7F3FAA01279FA5B60055E7FF /* xbCategories */,
				7F3FAA00279FA5B60055E7FF /* Products */,
			);
			sourceTree = "<group>";
		};
		7F3FAA00279FA5B60055E7FF /* Products */ = {
			isa = PBXGroup;
			children = (
				7F3FA9FF279FA5B60055E7FF /* xbCategories.framework */,
			);
			name = Products;
			sourceTree = "<group>";
		};
		7F3FAA01279FA5B60055E7FF /* xbCategories */ = {
			isa = PBXGroup;
			children = (
				7F3FAA0A279FA5DF0055E7FF /* xbCategories */,
				7F3FAA02279FA5B60055E7FF /* xbCategories.h */,
				7F3FAA03279FA5B60055E7FF /* Info.plist */,
			);
			path = xbCategories;
			sourceTree = "<group>";
		};
		7F3FAA0A279FA5DF0055E7FF /* xbCategories */ = {
			isa = PBXGroup;
			children = (
				7F3FAA0B279FA5DF0055E7FF /* UIKit */,
				7F3FAA14279FA5DF0055E7FF /* Foundation */,
			);
			path = xbCategories;
			sourceTree = "<group>";
		};
		7F3FAA0B279FA5DF0055E7FF /* UIKit */ = {
			isa = PBXGroup;
			children = (
				7F3FAA0C279FA5DF0055E7FF /* UIImage+xbExtension.swift */,
				7F3FAA0D279FA5DF0055E7FF /* UIBarButtonItem+xbExtension.swift */,
				7F3FAA0E279FA5DF0055E7FF /* UIImageView+xbExtension.swift */,
				7F3FAA0F279FA5DF0055E7FF /* UIView+xbExtension.swift */,
				7F3FAA10279FA5DF0055E7FF /* UIView+xbDrag.swift */,
				7F3FAA11279FA5DF0055E7FF /* UIColor+xbExtension.swift */,
				7F3FAA12279FA5DF0055E7FF /* UIViewController+xbExtension.swift */,
				7F3FAA13279FA5DF0055E7FF /* UIButton+xbExtension.swift */,
			);
			path = UIKit;
			sourceTree = "<group>";
		};
		7F3FAA14279FA5DF0055E7FF /* Foundation */ = {
			isa = PBXGroup;
			children = (
				7F3FAA15279FA5DF0055E7FF /* NSObject+xbExtension.swift */,
				7F3FAA16279FA5DF0055E7FF /* Date+xbExtension.swift */,
				7F3FAA17279FA5DF0055E7FF /* String+xbExtension.swift */,
			);
			path = Foundation;
			sourceTree = "<group>";
		};
/* End PBXGroup section */

/* Begin PBXHeadersBuildPhase section */
		7F3FA9FA279FA5B60055E7FF /* Headers */ = {
			isa = PBXHeadersBuildPhase;
			buildActionMask = 2147483647;
			files = (
				7F3FAA04279FA5B60055E7FF /* xbCategories.h in Headers */,
			);
			runOnlyForDeploymentPostprocessing = 0;
		};
/* End PBXHeadersBuildPhase section */

/* Begin PBXNativeTarget section */
		7F3FA9FE279FA5B60055E7FF /* xbCategories */ = {
			isa = PBXNativeTarget;
			buildConfigurationList = 7F3FAA07279FA5B60055E7FF /* Build configuration list for PBXNativeTarget "xbCategories" */;
			buildPhases = (
				7F3FA9FA279FA5B60055E7FF /* Headers */,
				7F3FA9FB279FA5B60055E7FF /* Sources */,
				7F3FA9FC279FA5B60055E7FF /* Frameworks */,
				7F3FA9FD279FA5B60055E7FF /* Resources */,
			);
			buildRules = (
			);
			dependencies = (
			);
			name = xbCategories;
			productName = xbCategories;
			productReference = 7F3FA9FF279FA5B60055E7FF /* xbCategories.framework */;
			productType = "com.apple.product-type.framework";
		};
/* End PBXNativeTarget section */

/* Begin PBXProject section */
		7F3FA9F6279FA5B60055E7FF /* Project object */ = {
			isa = PBXProject;
			attributes = {
				LastUpgradeCheck = 1250;
				TargetAttributes = {
					7F3FA9FE279FA5B60055E7FF = {
						CreatedOnToolsVersion = 12.5.1;
					};
				};
			};
			buildConfigurationList = 7F3FA9F9279FA5B60055E7FF /* Build configuration list for PBXProject "xbCategories" */;
			compatibilityVersion = "Xcode 9.3";
			developmentRegion = en;
			hasScannedForEncodings = 0;
			knownRegions = (
				en,
				Base,
			);
			mainGroup = 7F3FA9F5279FA5B60055E7FF;
			productRefGroup = 7F3FAA00279FA5B60055E7FF /* Products */;
			projectDirPath = "";
			projectRoot = "";
			targets = (
				7F3FA9FE279FA5B60055E7FF /* xbCategories */,
			);
		};
/* End PBXProject section */

/* Begin PBXResourcesBuildPhase section */
		7F3FA9FD279FA5B60055E7FF /* Resources */ = {
			isa = PBXResourcesBuildPhase;
			buildActionMask = 2147483647;
			files = (
			);
			runOnlyForDeploymentPostprocessing = 0;
		};
/* End PBXResourcesBuildPhase section */

/* Begin PBXSourcesBuildPhase section */
		7F3FA9FB279FA5B60055E7FF /* Sources */ = {
			isa = PBXSourcesBuildPhase;
			buildActionMask = 2147483647;
			files = (
				7F3FAA19279FA5DF0055E7FF /* UIBarButtonItem+xbExtension.swift in Sources */,
				7F3FAA22279FA5DF0055E7FF /* String+xbExtension.swift in Sources */,
				7F3FAA1F279FA5DF0055E7FF /* UIButton+xbExtension.swift in Sources */,
				7F3FAA1D279FA5DF0055E7FF /* UIColor+xbExtension.swift in Sources */,
				7F3FAA1C279FA5DF0055E7FF /* UIView+xbDrag.swift in Sources */,
				7F3FAA20279FA5DF0055E7FF /* NSObject+xbExtension.swift in Sources */,
				7F3FAA21279FA5DF0055E7FF /* Date+xbExtension.swift in Sources */,
				7F3FAA1A279FA5DF0055E7FF /* UIImageView+xbExtension.swift in Sources */,
				7F3FAA1E279FA5DF0055E7FF /* UIViewController+xbExtension.swift in Sources */,
				7F3FAA1B279FA5DF0055E7FF /* UIView+xbExtension.swift in Sources */,
				7F3FAA18279FA5DF0055E7FF /* UIImage+xbExtension.swift in Sources */,
			);
			runOnlyForDeploymentPostprocessing = 0;
		};
/* End PBXSourcesBuildPhase section */

/* Begin XCBuildConfiguration section */
		7F3FAA05279FA5B60055E7FF /* Debug */ = {
			isa = XCBuildConfiguration;
			buildSettings = {
				ALWAYS_SEARCH_USER_PATHS = NO;
				CLANG_ANALYZER_NONNULL = YES;
				CLANG_ANALYZER_NUMBER_OBJECT_CONVERSION = YES_AGGRESSIVE;
				CLANG_CXX_LANGUAGE_STANDARD = "gnu++14";
				CLANG_CXX_LIBRARY = "libc++";
				CLANG_ENABLE_MODULES = YES;
				CLANG_ENABLE_OBJC_ARC = YES;
				CLANG_ENABLE_OBJC_WEAK = YES;
				CLANG_WARN_BLOCK_CAPTURE_AUTORELEASING = YES;
				CLANG_WARN_BOOL_CONVERSION = YES;
				CLANG_WARN_COMMA = YES;
				CLANG_WARN_CONSTANT_CONVERSION = YES;
				CLANG_WARN_DEPRECATED_OBJC_IMPLEMENTATIONS = YES;
				CLANG_WARN_DIRECT_OBJC_ISA_USAGE = YES_ERROR;
				CLANG_WARN_DOCUMENTATION_COMMENTS = YES;
				CLANG_WARN_EMPTY_BODY = YES;
				CLANG_WARN_ENUM_CONVERSION = YES;
				CLANG_WARN_INFINITE_RECURSION = YES;
				CLANG_WARN_INT_CONVERSION = YES;
				CLANG_WARN_NON_LITERAL_NULL_CONVERSION = YES;
				CLANG_WARN_OBJC_IMPLICIT_RETAIN_SELF = YES;
				CLANG_WARN_OBJC_LITERAL_CONVERSION = YES;
				CLANG_WARN_OBJC_ROOT_CLASS = YES_ERROR;
				CLANG_WARN_QUOTED_INCLUDE_IN_FRAMEWORK_HEADER = YES;
				CLANG_WARN_RANGE_LOOP_ANALYSIS = YES;
				CLANG_WARN_STRICT_PROTOTYPES = YES;
				CLANG_WARN_SUSPICIOUS_MOVE = YES;
				CLANG_WARN_UNGUARDED_AVAILABILITY = YES_AGGRESSIVE;
				CLANG_WARN_UNREACHABLE_CODE = YES;
				CLANG_WARN__DUPLICATE_METHOD_MATCH = YES;
				COPY_PHASE_STRIP = NO;
				CURRENT_PROJECT_VERSION = 1;
				DEBUG_INFORMATION_FORMAT = dwarf;
				ENABLE_STRICT_OBJC_MSGSEND = YES;
				ENABLE_TESTABILITY = YES;
				GCC_C_LANGUAGE_STANDARD = gnu11;
				GCC_DYNAMIC_NO_PIC = NO;
				GCC_NO_COMMON_BLOCKS = YES;
				GCC_OPTIMIZATION_LEVEL = 0;
				GCC_PREPROCESSOR_DEFINITIONS = (
					"DEBUG=1",
					"$(inherited)",
				);
				GCC_WARN_64_TO_32_BIT_CONVERSION = YES;
				GCC_WARN_ABOUT_RETURN_TYPE = YES_ERROR;
				GCC_WARN_UNDECLARED_SELECTOR = YES;
				GCC_WARN_UNINITIALIZED_AUTOS = YES_AGGRESSIVE;
				GCC_WARN_UNUSED_FUNCTION = YES;
				GCC_WARN_UNUSED_VARIABLE = YES;
				IPHONEOS_DEPLOYMENT_TARGET = 14.5;
				MTL_ENABLE_DEBUG_INFO = INCLUDE_SOURCE;
				MTL_FAST_MATH = YES;
				ONLY_ACTIVE_ARCH = YES;
				SDKROOT = iphoneos;
				SWIFT_ACTIVE_COMPILATION_CONDITIONS = DEBUG;
				SWIFT_OPTIMIZATION_LEVEL = "-Onone";
				VERSIONING_SYSTEM = "apple-generic";
				VERSION_INFO_PREFIX = "";
			};
			name = Debug;
		};
		7F3FAA06279FA5B60055E7FF /* Release */ = {
			isa = XCBuildConfiguration;
			buildSettings = {
				ALWAYS_SEARCH_USER_PATHS = NO;
				CLANG_ANALYZER_NONNULL = YES;
				CLANG_ANALYZER_NUMBER_OBJECT_CONVERSION = YES_AGGRESSIVE;
				CLANG_CXX_LANGUAGE_STANDARD = "gnu++14";
				CLANG_CXX_LIBRARY = "libc++";
				CLANG_ENABLE_MODULES = YES;
				CLANG_ENABLE_OBJC_ARC = YES;
				CLANG_ENABLE_OBJC_WEAK = YES;
				CLANG_WARN_BLOCK_CAPTURE_AUTORELEASING = YES;
				CLANG_WARN_BOOL_CONVERSION = YES;
				CLANG_WARN_COMMA = YES;
				CLANG_WARN_CONSTANT_CONVERSION = YES;
				CLANG_WARN_DEPRECATED_OBJC_IMPLEMENTATIONS = YES;
				CLANG_WARN_DIRECT_OBJC_ISA_USAGE = YES_ERROR;
				CLANG_WARN_DOCUMENTATION_COMMENTS = YES;
				CLANG_WARN_EMPTY_BODY = YES;
				CLANG_WARN_ENUM_CONVERSION = YES;
				CLANG_WARN_INFINITE_RECURSION = YES;
				CLANG_WARN_INT_CONVERSION = YES;
				CLANG_WARN_NON_LITERAL_NULL_CONVERSION = YES;
				CLANG_WARN_OBJC_IMPLICIT_RETAIN_SELF = YES;
				CLANG_WARN_OBJC_LITERAL_CONVERSION = YES;
				CLANG_WARN_OBJC_ROOT_CLASS = YES_ERROR;
				CLANG_WARN_QUOTED_INCLUDE_IN_FRAMEWORK_HEADER = YES;
				CLANG_WARN_RANGE_LOOP_ANALYSIS = YES;
				CLANG_WARN_STRICT_PROTOTYPES = YES;
				CLANG_WARN_SUSPICIOUS_MOVE = YES;
				CLANG_WARN_UNGUARDED_AVAILABILITY = YES_AGGRESSIVE;
				CLANG_WARN_UNREACHABLE_CODE = YES;
				CLANG_WARN__DUPLICATE_METHOD_MATCH = YES;
				COPY_PHASE_STRIP = NO;
				CURRENT_PROJECT_VERSION = 1;
				DEBUG_INFORMATION_FORMAT = "dwarf-with-dsym";
				ENABLE_NS_ASSERTIONS = NO;
				ENABLE_STRICT_OBJC_MSGSEND = YES;
				GCC_C_LANGUAGE_STANDARD = gnu11;
				GCC_NO_COMMON_BLOCKS = YES;
				GCC_WARN_64_TO_32_BIT_CONVERSION = YES;
				GCC_WARN_ABOUT_RETURN_TYPE = YES_ERROR;
				GCC_WARN_UNDECLARED_SELECTOR = YES;
				GCC_WARN_UNINITIALIZED_AUTOS = YES_AGGRESSIVE;
				GCC_WARN_UNUSED_FUNCTION = YES;
				GCC_WARN_UNUSED_VARIABLE = YES;
				IPHONEOS_DEPLOYMENT_TARGET = 14.5;
				MTL_ENABLE_DEBUG_INFO = NO;
				MTL_FAST_MATH = YES;
				SDKROOT = iphoneos;
				SWIFT_COMPILATION_MODE = wholemodule;
				SWIFT_OPTIMIZATION_LEVEL = "-O";
				VALIDATE_PRODUCT = YES;
				VERSIONING_SYSTEM = "apple-generic";
				VERSION_INFO_PREFIX = "";
			};
			name = Release;
		};
		7F3FAA08279FA5B60055E7FF /* Debug */ = {
			isa = XCBuildConfiguration;
			buildSettings = {
				CODE_SIGN_STYLE = Automatic;
				DEFINES_MODULE = YES;
				DYLIB_COMPATIBILITY_VERSION = 1;
				DYLIB_CURRENT_VERSION = 1;
				DYLIB_INSTALL_NAME_BASE = "@rpath";
				INFOPLIST_FILE = xbCategories/Info.plist;
				INSTALL_PATH = "$(LOCAL_LIBRARY_DIR)/Frameworks";
				IPHONEOS_DEPLOYMENT_TARGET = 9.0;
				LD_RUNPATH_SEARCH_PATHS = (
					"$(inherited)",
					"@executable_path/Frameworks",
					"@loader_path/Frameworks",
				);
				PRODUCT_BUNDLE_IDENTIFIER = com.huadong.xbCategories;
				PRODUCT_NAME = "$(TARGET_NAME:c99extidentifier)";
				SKIP_INSTALL = YES;
				SWIFT_VERSION = 5.0;
				TARGETED_DEVICE_FAMILY = "1,2";
			};
			name = Debug;
		};
		7F3FAA09279FA5B60055E7FF /* Release */ = {
			isa = XCBuildConfiguration;
			buildSettings = {
				CODE_SIGN_STYLE = Automatic;
				DEFINES_MODULE = YES;
				DYLIB_COMPATIBILITY_VERSION = 1;
				DYLIB_CURRENT_VERSION = 1;
				DYLIB_INSTALL_NAME_BASE = "@rpath";
				INFOPLIST_FILE = xbCategories/Info.plist;
				INSTALL_PATH = "$(LOCAL_LIBRARY_DIR)/Frameworks";
				IPHONEOS_DEPLOYMENT_TARGET = 9.0;
				LD_RUNPATH_SEARCH_PATHS = (
					"$(inherited)",
					"@executable_path/Frameworks",
					"@loader_path/Frameworks",
				);
				PRODUCT_BUNDLE_IDENTIFIER = com.huadong.xbCategories;
				PRODUCT_NAME = "$(TARGET_NAME:c99extidentifier)";
				SKIP_INSTALL = YES;
				SWIFT_VERSION = 5.0;
				TARGETED_DEVICE_FAMILY = "1,2";
			};
			name = Release;
		};
/* End XCBuildConfiguration section */

/* Begin XCConfigurationList section */
		7F3FA9F9279FA5B60055E7FF /* Build configuration list for PBXProject "xbCategories" */ = {
			isa = XCConfigurationList;
			buildConfigurations = (
				7F3FAA05279FA5B60055E7FF /* Debug */,
				7F3FAA06279FA5B60055E7FF /* Release */,
			);
			defaultConfigurationIsVisible = 0;
			defaultConfigurationName = Release;
		};
		7F3FAA07279FA5B60055E7FF /* Build configuration list for PBXNativeTarget "xbCategories" */ = {
			isa = XCConfigurationList;
			buildConfigurations = (
				7F3FAA08279FA5B60055E7FF /* Debug */,
				7F3FAA09279FA5B60055E7FF /* Release */,
			);
			defaultConfigurationIsVisible = 0;
			defaultConfigurationName = Release;
		};
/* End XCConfigurationList section */
	};
	rootObject = 7F3FA9F6279FA5B60055E7FF /* Project object */;
}
